
Microsoft Visual Studio Solution File, Format Version 12.00
# Visual Studio Version 17
VisualStudioVersion = 17.7.34024.191
MinimumVisualStudioVersion = 10.0.40219.1
Project("{FAE04EC0-301F-11D3-BF4B-00C04F79EFBC}") = "Business", "Business\Business.csproj", "{8075E1AC-3E46-4185-A2F8-3746B00DDDC6}"
EndProject
Global
	GlobalSection(SolutionConfigurationPlatforms) = preSolution
		Debug|Any CPU = Debug|Any CPU
		Release|Any CPU = Release|Any CPU
	EndGlobalSection
	GlobalSection(ProjectConfigurationPlatforms) = postSolution
		{8075E1AC-3E46-4185-A2F8-3746B00DDDC6}.Debug|Any CPU.ActiveCfg = Debug|Any CPU
		{8075E1AC-3E46-4185-A2F8-3746B00DDDC6}.Debug|Any CPU.Build.0 = Debug|Any CPU
		{8075E1AC-3E46-4185-A2F8-3746B00DDDC6}.Release|Any CPU.ActiveCfg = Release|Any CPU
		{8075E1AC-3E46-4185-A2F8-3746B00DDDC6}.Release|Any CPU.Build.0 = Release|Any CPU
	EndGlobalSection
	GlobalSection(SolutionProperties) = preSolution
		HideSolutionNode = FALSE
	EndGlobalSection
	GlobalSection(ExtensibilityGlobals) = postSolution
		SolutionGuid = {11D65A39-5CA5-45F6-BF64-AA5001F2E6AE}
	EndGlobalSection
EndGlobal
